
Microsoft Visual Studio Solution File, Format Version 12.00
# Visual Studio 2012
Project("{CC5FD16D-436D-48AD-A40C-5A424C6E3E79}") = "AzureCloudService1", "AzureCloudService1\AzureCloudService1.ccproj", "{F70DB940-CBFE-4911-A65E-E3716AA6F30F}"
EndProject
Project("{FAE04EC0-301F-11D3-BF4B-00C04F79EFBC}") = "WebRole1", "WebRole1\WebRole1.csproj", "{BA77C06E-6471-4647-BC5A-BDBFCCEBF870}"
EndProject
Global
	GlobalSection(SolutionConfigurationPlatforms) = preSolution
		Debug|Any CPU = Debug|Any CPU
		Release|Any CPU = Release|Any CPU
	EndGlobalSection
	GlobalSection(ProjectConfigurationPlatforms) = postSolution
		{F70DB940-CBFE-4911-A65E-E3716AA6F30F}.Debug|Any CPU.ActiveCfg = Debug|Any CPU
		{F70DB940-CBFE-4911-A65E-E3716AA6F30F}.Debug|Any CPU.Build.0 = Debug|Any CPU
		{F70DB940-CBFE-4911-A65E-E3716AA6F30F}.Release|Any CPU.ActiveCfg = Release|Any CPU
		{F70DB940-CBFE-4911-A65E-E3716AA6F30F}.Release|Any CPU.Build.0 = Release|Any CPU
		{BA77C06E-6471-4647-BC5A-BDBFCCEBF870}.Debug|Any CPU.ActiveCfg = Debug|Any CPU
		{BA77C06E-6471-4647-BC5A-BDBFCCEBF870}.Debug|Any CPU.Build.0 = Debug|Any CPU
		{BA77C06E-6471-4647-BC5A-BDBFCCEBF870}.Release|Any CPU.ActiveCfg = Release|Any CPU
		{BA77C06E-6471-4647-BC5A-BDBFCCEBF870}.Release|Any CPU.Build.0 = Release|Any CPU
	EndGlobalSection
	GlobalSection(SolutionProperties) = preSolution
		HideSolutionNode = FALSE
	EndGlobalSection
EndGlobal
